
Microsoft Visual Studio Solution File, Format Version 12.00
# Visual Studio Version 16
VisualStudioVersion = 16.0.31424.327
MinimumVisualStudioVersion = 10.0.40219.1
Project("{9A19103F-16F7-4668-BE54-9A1E7A4F7556}") = "dtmitest", "dtmitest.csproj", "{1E3605E0-6001-4DE5-94D6-D7E27D0F60C0}"
EndProject
Project("{FAE04EC0-301F-11D3-BF4B-00C04F79EFBC}") = "SimpleDeviceClientApp", "..\SimpleDeviceClientApp\SimpleDeviceClientApp.csproj", "{84108778-4E1A-46A0-BF3D-7A78F1F6C9E6}"
EndProject
Project("{FAE04EC0-301F-11D3-BF4B-00C04F79EFBC}") = "DpsDeviceClient", "..\DpsDeviceClient\DpsDeviceClient.csproj", "{1DE6BD1D-B227-40BF-A51F-E9D027D729D8}"
EndProject
Global
	GlobalSection(SolutionConfigurationPlatforms) = preSolution
		Debug|Any CPU = Debug|Any CPU
		Release|Any CPU = Release|Any CPU
	EndGlobalSection
	GlobalSection(ProjectConfigurationPlatforms) = postSolution
		{1E3605E0-6001-4DE5-94D6-D7E27D0F60C0}.Debug|Any CPU.ActiveCfg = Debug|Any CPU
		{1E3605E0-6001-4DE5-94D6-D7E27D0F60C0}.Debug|Any CPU.Build.0 = Debug|Any CPU
		{1E3605E0-6001-4DE5-94D6-D7E27D0F60C0}.Release|Any CPU.ActiveCfg = Release|Any CPU
		{1E3605E0-6001-4DE5-94D6-D7E27D0F60C0}.Release|Any CPU.Build.0 = Release|Any CPU
		{84108778-4E1A-46A0-BF3D-7A78F1F6C9E6}.Debug|Any CPU.ActiveCfg = Debug|Any CPU
		{84108778-4E1A-46A0-BF3D-7A78F1F6C9E6}.Debug|Any CPU.Build.0 = Debug|Any CPU
		{84108778-4E1A-46A0-BF3D-7A78F1F6C9E6}.Release|Any CPU.ActiveCfg = Release|Any CPU
		{84108778-4E1A-46A0-BF3D-7A78F1F6C9E6}.Release|Any CPU.Build.0 = Release|Any CPU
		{1DE6BD1D-B227-40BF-A51F-E9D027D729D8}.Debug|Any CPU.ActiveCfg = Debug|Any CPU
		{1DE6BD1D-B227-40BF-A51F-E9D027D729D8}.Debug|Any CPU.Build.0 = Debug|Any CPU
		{1DE6BD1D-B227-40BF-A51F-E9D027D729D8}.Release|Any CPU.ActiveCfg = Release|Any CPU
		{1DE6BD1D-B227-40BF-A51F-E9D027D729D8}.Release|Any CPU.Build.0 = Release|Any CPU
	EndGlobalSection
	GlobalSection(SolutionProperties) = preSolution
		HideSolutionNode = FALSE
	EndGlobalSection
	GlobalSection(ExtensibilityGlobals) = postSolution
		SolutionGuid = {DF2C883B-38DF-4D0A-A140-218210043DC8}
	EndGlobalSection
EndGlobal
